
Microsoft Visual Studio Solution File, Format Version 12.00
# Visual Studio Version 17
VisualStudioVersion = 17.1.32228.430
MinimumVisualStudioVersion = 10.0.40219.1
Project("{FAE04EC0-301F-11D3-BF4B-00C04F79EFBC}") = "Human", "Human\Human.csproj", "{B7B67FB7-587C-4FE7-A08C-B6696F61A46A}"
EndProject
Global
	GlobalSection(SolutionConfigurationPlatforms) = preSolution
		Debug|Any CPU = Debug|Any CPU
		Release|Any CPU = Release|Any CPU
	EndGlobalSection
	GlobalSection(ProjectConfigurationPlatforms) = postSolution
		{B7B67FB7-587C-4FE7-A08C-B6696F61A46A}.Debug|Any CPU.ActiveCfg = Debug|Any CPU
		{B7B67FB7-587C-4FE7-A08C-B6696F61A46A}.Debug|Any CPU.Build.0 = Debug|Any CPU
		{B7B67FB7-587C-4FE7-A08C-B6696F61A46A}.Release|Any CPU.ActiveCfg = Release|Any CPU
		{B7B67FB7-587C-4FE7-A08C-B6696F61A46A}.Release|Any CPU.Build.0 = Release|Any CPU
	EndGlobalSection
	GlobalSection(SolutionProperties) = preSolution
		HideSolutionNode = FALSE
	EndGlobalSection
	GlobalSection(ExtensibilityGlobals) = postSolution
		SolutionGuid = {5B90525F-88C1-43C1-B259-C0406DCDA027}
	EndGlobalSection
EndGlobal
